
Microsoft Visual Studio Solution File, Format Version 12.00
# Visual Studio Version 17
VisualStudioVersion = 17.0.32112.339
MinimumVisualStudioVersion = 10.0.40219.1
Project("{FAE04EC0-301F-11D3-BF4B-00C04F79EFBC}") = "ConsoleApp1", "ConsoleApp1\ConsoleApp1.csproj", "{C1F66909-752C-4FDC-A4DD-22098ACF1EF3}"
EndProject
Project("{2150E333-8FDC-42A3-9474-1A3956D46DE8}") = "Models", "Models", "{9EF99F19-3DA6-4AD0-A784-BB52CAFACE0F}"
	ProjectSection(SolutionItems) = preProject
		Class1.cs = Class1.cs
	EndProjectSection
EndProject
Global
	GlobalSection(SolutionConfigurationPlatforms) = preSolution
		Debug|Any CPU = Debug|Any CPU
		Release|Any CPU = Release|Any CPU
	EndGlobalSection
	GlobalSection(ProjectConfigurationPlatforms) = postSolution
		{C1F66909-752C-4FDC-A4DD-22098ACF1EF3}.Debug|Any CPU.ActiveCfg = Debug|Any CPU
		{C1F66909-752C-4FDC-A4DD-22098ACF1EF3}.Debug|Any CPU.Build.0 = Debug|Any CPU
		{C1F66909-752C-4FDC-A4DD-22098ACF1EF3}.Release|Any CPU.ActiveCfg = Release|Any CPU
		{C1F66909-752C-4FDC-A4DD-22098ACF1EF3}.Release|Any CPU.Build.0 = Release|Any CPU
	EndGlobalSection
	GlobalSection(SolutionProperties) = preSolution
		HideSolutionNode = FALSE
	EndGlobalSection
	GlobalSection(ExtensibilityGlobals) = postSolution
		SolutionGuid = {430AB055-8ABD-4EA9-8C53-0488940D0E5B}
	EndGlobalSection
EndGlobal
